version = 1
revision = 1
requires-python = ">=3.13"

[[package]]
name = "colorama"
version = "0.4.6"
source = { registry = "https://pypi.org/simple" }
sdist = { url = "https://files.pythonhosted.org/packages/d8/53/6f443c9a4a8358a93a6792e2acffb9d9d5cb0a5cfd8802644b7b1c9a02e4/colorama-0.4.6.tar.gz", hash = "sha256:08695f5cb7ed6e0531a20572697297273c47b8cae5a63ffc6d6ed5c201be6e44", size = 27697 }
wheels = [
    { url = "https://files.pythonhosted.org/packages/d1/d6/3965ed04c63042e047cb6a3e6ed1a63a35087b6a609aa3a15ed8ac56c221/colorama-0.4.6-py2.py3-none-any.whl", hash = "sha256:4f1d9991f5acc0ca119f9d443620b77f9d6b33703e51011c16baf57afb285fc6", size = 25335 },
]

[[package]]
name = "converter-service"
version = "0.1.0"
source = { virtual = "." }
dependencies = [
    { name = "moviepy" },
    { name = "pika" },
    { name = "pymongo" },
]

[package.metadata]
requires-dist = [
    { name = "moviepy", specifier = ">=2.2.1" },
    { name = "pika", specifier = ">=1.4.1" },
    { name = "pymongo", specifier = ">=4.17.0" },
]

[[package]]
name = "decorator"
version = "5.3.1"
source = { registry = "https://pypi.org/simple" }
sdist = { url = "https://files.pythonhosted.org/packages/60/8b/32f9823da46cde7df2087faa08cd98d01b908f8dcab982cdba9c84e85355/decorator-5.3.1.tar.gz", hash = "sha256:4cbcdd55a6efadb9dbea26b858f4fb3264567b52d69ca0d25b721b553f60ea82", size = 58084 }
wheels = [
    { url = "https://files.pythonhosted.org/packages/05/7f/798705f5296a58ca505d600456748d1be48078eac8a7050d8a98bc9edb89/decorator-5.3.1-py3-none-any.whl", hash = "sha256:f47fe6fdbd2edd623ecfe36875d37aba411624e2670dd395dddae1358689bb3c", size = 10365 },
]

[[package]]
name = "dnspython"
version = "2.8.0"
source = { registry = "https://pypi.org/simple" }
sdist = { url = "https://files.pythonhosted.org/packages/8c/8b/57666417c0f90f08bcafa776861060426765fdb422eb10212086fb811d26/dnspython-2.8.0.tar.gz", hash = "sha256:181d3c6996452cb1189c4046c61599b84a5a86e099562ffde77d26984ff26d0f", size = 368251 }
wheels = [
    { url = "https://files.pythonhosted.org/packages/ba/5a/18ad964b0086c6e62e2e7500f7edc89e3faa45033c71c1893d34eed2b2de/dnspython-2.8.0-py3-none-any.whl", hash = "sha256:01d9bbc4a2d76bf0db7c1f729812ded6d912bd318d3b1cf81d30c0f845dbf3af", size = 331094 },
]

[[package]]
name = "imageio"
version = "2.37.4"
source = { registry = "https://pypi.org/simple" }
dependencies = [
    { name = "numpy" },
    { name = "pillow" },
]
sdist = { url = "https://files.pythonhosted.org/packages/48/62/aa770a9307508d2a2a2c62d536a49347bffe9e55322db27838d3c93d0b07/imageio-2.37.4.tar.gz", hash = "sha256:e45cbc5e83502047fb138f7f585f7f105a136a57eea5f4b3cfc6ce1b52720bd3", size = 390173 }
wheels = [
    { url = "https://files.pythonhosted.org/packages/3e/2d/ca050652104bab2cf55e569db2a178b1b61cb041fef28307f2db383f6d9f/imageio-2.37.4-py3-none-any.whl", hash = "sha256:1ab2e22c8debf700f24c3ac43e8f95f3b3a8110c83b93411e97b4b0b2cd1c7e6", size = 318000 },
]

[[package]]
name = "imageio-ffmpeg"
version = "0.6.0"
source = { registry = "https://pypi.org/simple" }
sdist = { url = "https://files.pythonhosted.org/packages/44/bd/c3343c721f2a1b0c9fc71c1aebf1966a3b7f08c2eea8ed5437a2865611d6/imageio_ffmpeg-0.6.0.tar.gz", hash = "sha256:e2556bed8e005564a9f925bb7afa4002d82770d6b08825078b7697ab88ba1755", size = 25210 }
wheels = [
    { url = "https://files.pythonhosted.org/packages/da/58/87ef68ac83f4c7690961bce288fd8e382bc5f1513860fc7f90a9c1c1c6bf/imageio_ffmpeg-0.6.0-py3-none-macosx_10_9_intel.macosx_10_9_x86_64.whl", hash = "sha256:9d2baaf867088508d4a3458e61eeb30e945c4ad8016025545f66c4b5aaef0a61", size = 24932969 },
    { url = "https://files.pythonhosted.org/packages/40/5c/f3d8a657d362cc93b81aab8feda487317da5b5d31c0e1fdfd5e986e55d17/imageio_ffmpeg-0.6.0-py3-none-macosx_11_0_arm64.whl", hash = "sha256:b1ae3173414b5fc5f538a726c4e48ea97edc0d2cdc11f103afee655c463fa742", size = 21113891 },
    { url = "https://files.pythonhosted.org/packages/33/e7/1925bfbc563c39c1d2e82501d8372734a5c725e53ac3b31b4c2d081e895b/imageio_ffmpeg-0.6.0-py3-none-manylinux2014_aarch64.whl", hash = "sha256:1d47bebd83d2c5fc770720d211855f208af8a596c82d17730aa51e815cdee6dc", size = 25632706 },
    { url = "https://files.pythonhosted.org/packages/a0/2d/43c8522a2038e9d0e7dbdf3a61195ecc31ca576fb1527a528c877e87d973/imageio_ffmpeg-0.6.0-py3-none-manylinux2014_x86_64.whl", hash = "sha256:c7e46fcec401dd990405049d2e2f475e2b397779df2519b544b8aab515195282", size = 29498237 },
    { url = "https://files.pythonhosted.org/packages/a0/13/59da54728351883c3c1d9fca1710ab8eee82c7beba585df8f25ca925f08f/imageio_ffmpeg-0.6.0-py3-none-win32.whl", hash = "sha256:196faa79366b4a82f95c0f4053191d2013f4714a715780f0ad2a68ff37483cc2", size = 19652251 },
    { url = "https://files.pythonhosted.org/packages/2c/c6/fa760e12a2483469e2bf5058c5faff664acf66cadb4df2ad6205b016a73d/imageio_ffmpeg-0.6.0-py3-none-win_amd64.whl", hash = "sha256:02fa47c83703c37df6bfe4896aab339013f62bf02c5ebf2dce6da56af04ffc0a", size = 31246824 },
]

[[package]]
name = "moviepy"
version = "2.2.1"
source = { registry = "https://pypi.org/simple" }
dependencies = [
    { name = "decorator" },
    { name = "imageio" },
    { name = "imageio-ffmpeg" },
    { name = "numpy" },
    { name = "pillow" },
    { name = "proglog" },
    { name = "python-dotenv" },
]
sdist = { url = "https://files.pythonhosted.org/packages/de/61/15f9476e270f64c78a834e7459ca045d669f869cec24eed26807b8cd479d/moviepy-2.2.1.tar.gz", hash = "sha256:c80cb56815ece94e5e3e2d361aa40070eeb30a09d23a24c4e684d03e16deacb1", size = 58431438 }
wheels = [
    { url = "https://files.pythonhosted.org/packages/9a/73/7d3b2010baa0b5eb1e4dfa9e4385e89b6716be76f2fa21a6c0fe34b68e5a/moviepy-2.2.1-py3-none-any.whl", hash = "sha256:6b56803fec2ac54b557404126ac1160e65448e03798fa282bd23e8fab3795060", size = 129871 },
]

[[package]]
name = "numpy"
version = "2.5.1"
source = { registry = "https://pypi.org/simple" }
sdist = { url = "https://files.pythonhosted.org/packages/22/fd/89965aa4ac08c74998539fcbf24fa3540f3e15237fbeb6bcf9c908f4aade/numpy-2.5.1.tar.gz", hash = "sha256:a48a113e6afea91f5608793bafa7ef2ad481fefbda87ec5069f483de61cb9fa3", size = 20755553 }
wheels = [
    { url = "https://files.pythonhosted.org/packages/eb/07/ec2a3f0c91761581d4b7104a740791800025983f9a4dc4e73f91a99aeac4/numpy-2.5.1-cp313-cp313-macosx_10_13_x86_64.whl", hash = "sha256:0bfebd8695f9863592fe744be833a258120b14a9f39da255e8aa8fade2c0ddd1", size = 16796419 },
    { url = "https://files.pythonhosted.org/packages/ab/ab/ddb499fc4f8780354395face5b65c7fd107bcd6e1d667a5f07d046956f6f/numpy-2.5.1-cp313-cp313-macosx_11_0_arm64.whl", hash = "sha256:30b44a6b53a7ae63c54c089a8726e5563ed302716c5b7ccc85afade40b0e7ff6", size = 11765832 },
    { url = "https://files.pythonhosted.org/packages/88/b3/3c28c558a09fc72100c646dac6d2fce8e834c471b0edca01a29996706117/numpy-2.5.1-cp313-cp313-macosx_14_0_arm64.whl", hash = "sha256:6165343f81b56ef8f514f396989e529b61d9dc709b99421b07e9f3e698e2287d", size = 5325143 },
    { url = "https://files.pythonhosted.org/packages/5e/0e/ce19b985bb15c596f4f05954e76cccc77c845083b3b8f938a6c68e523128/numpy-2.5.1-cp313-cp313-macosx_14_0_x86_64.whl", hash = "sha256:4939237038ada79308dda3204ac6462df056b5672b2e25db1149cf873668b3e1", size = 6659749 },
    { url = "https://files.pythonhosted.org/packages/2e/20/1ee6614d64332a1bba6411f38e68cb79eec1b2459e20a623777c5c5492a2/numpy-2.5.1-cp313-cp313-manylinux_2_27_aarch64.manylinux_2_28_aarch64.whl", hash = "sha256:1c6759f538fb912fc46de0a6b1758ccf7b57bc7c7ebebc23974fdac3de8db0cd", size = 15164716 },
    { url = "https://files.pythonhosted.org/packages/ed/a7/2bcd3fdbb87804755c35b729bf8709d62025c5f4cfd7d5b2415997097515/numpy-2.5.1-cp313-cp313-manylinux_2_27_x86_64.manylinux_2_28_x86_64.whl", hash = "sha256:9726558e8db4a5bf7929a70ae50f63abda4daf0efe810e3bfbab95976f75fc1a", size = 16661440 },
    { url = "https://files.pythonhosted.org/packages/fc/d7/a41e3310c886fe457d36e670bbf24fae411aca8a7b6ad92a32afd924077c/numpy-2.5.1-cp313-cp313-musllinux_1_2_aarch64.whl", hash = "sha256:3935f3b419b244a02732676fa5317a9193cc596a4c0646db07e5b421229ac9f7", size = 16526305 },
    { url = "https://files.pythonhosted.org/packages/53/75/4333a9a707c1edd3a4e1a0c58eca52c0f31e55089fa80db02b5565b24df7/numpy-2.5.1-cp313-cp313-musllinux_1_2_x86_64.whl", hash = "sha256:dc932a65ded7ce9013d120845a2514dcccb1a67bfc8deb8d37633762951904a6", size = 18423008 },
    { url = "https://files.pythonhosted.org/packages/ee/90/e314a32b1c11a2ffe818ddad3a57b50b4b6e1b6c487192eb50cdef0415d0/numpy-2.5.1-cp313-cp313-win32.whl", hash = "sha256:4b4ff1608417eb7a59da7b967bbb798cacfe071d2caf526a24281cd562072ed9", size = 6063885 },
    { url = "https://files.pythonhosted.org/packages/10/70/800b3fca480af32df9e8ea9f3d4a0c8feb4b32d7f195d174eabbda4829ad/numpy-2.5.1-cp313-cp313-win_amd64.whl", hash = "sha256:6c3fe51bc6a16453d452997053454f309e8e0ed7b42d6b361ce4ac8c32913d74", size = 12425674 },
    { url = "https://files.pythonhosted.org/packages/8b/0b/196350c122f50f6ca56846f2d71efd5e0d24b7b2e07355e019b2e2c7a11e/numpy-2.5.1-cp313-cp313-win_arm64.whl", hash = "sha256:f7feb014281029e628ba2d5a007407443b06e418b6fe451d1e2adcbc8eba0107", size = 10350256 },
    { url = "https://files.pythonhosted.org/packages/db/f4/731b6085a83faf6ca843394cbd5e217280c214399f7e8b21b9f552af0ae2/numpy-2.5.1-cp314-cp314-macosx_10_15_x86_64.whl", hash = "sha256:7c786fe9a5bbe360022e584c5a34cf6b54265c71bd7ec8ac3d8fec38968071f8", size = 16795063 },
    { url = "https://files.pythonhosted.org/packages/bf/64/0e215f2048dd11a55bb989ed41b3585ef57452404e638d703a211a3e4157/numpy-2.5.1-cp314-cp314-macosx_11_0_arm64.whl", hash = "sha256:32985c896d897419ef8da6917872d80b78ad0ea26d85b23245c7366ffde76d75", size = 11776652 },
    { url = "https://files.pythonhosted.org/packages/b5/59/2b844c7a6e9deff69b404a66221e1542937734f65d5e6e39411876053862/numpy-2.5.1-cp314-cp314-macosx_14_0_arm64.whl", hash = "sha256:efd736408cc97c79b9e6917338dfc8f06013b2274f992e96b1d9a81a71e2a2c2", size = 5335944 },
    { url = "https://files.pythonhosted.org/packages/86/51/9bf7cb2cabcebc9e017e4ec7e6322b378317a542c08b4cb68479c1efc716/numpy-2.5.1-cp314-cp314-macosx_14_0_x86_64.whl", hash = "sha256:ab84dc6b074fa881cae55bea94cc4f68e285181ba7f32497bf7dee6b1496165b", size = 6656266 },
    { url = "https://files.pythonhosted.org/packages/83/3e/fb7615b211b82a32f44d5180a6d421b61f84d4fadd578b48ba4ac34e189f/numpy-2.5.1-cp314-cp314-manylinux_2_27_aarch64.manylinux_2_28_aarch64.whl", hash = "sha256:caf3e317d33d60c37986b452613f4ab51246d0691350c03d0cb4a898627f4a95", size = 15179720 },
    { url = "https://files.pythonhosted.org/packages/41/5f/0f992cb24560673496c5d68de61913b57166ce530ffda07c1f280e0cc464/numpy-2.5.1-cp314-cp314-manylinux_2_27_x86_64.manylinux_2_28_x86_64.whl", hash = "sha256:54ad769f17bc2d833b620851989f62054fb9ab93c969d9e1dc3c8e3d56beea21", size = 16664835 },
    { url = "https://files.pythonhosted.org/packages/a2/2f/97d6475ee91afe2587797d09446f9d3e475ad4cb681662d824809327b75a/numpy-2.5.1-cp314-cp314-musllinux_1_2_aarch64.whl", hash = "sha256:c12afb53450fa976d4c681c50a7423729a4c51c0465ed9f32b8a9cabbc472373", size = 16539135 },
    { url = "https://files.pythonhosted.org/packages/c4/5b/4db81e4ba0be7e2776b1de68c82aa862c7f8ec27e1b4927d4ae075e20678/numpy-2.5.1-cp314-cp314-musllinux_1_2_x86_64.whl", hash = "sha256:e8c11c405efc5ff6816d5983c96cdfa215bab3428961243af3ff59b228490438", size = 18426684 },
    { url = "https://files.pythonhosted.org/packages/1f/64/c0ba2d90724d450279a7df8f32057241070250a26a7e2b5337d77347f481/numpy-2.5.1-cp314-cp314-win32.whl", hash = "sha256:f2479a47f8d5932d1718168a681ad6e536a9df484c83cfcf9de365e164537ace", size = 6116103 },
    { url = "https://files.pythonhosted.org/packages/c1/1a/837f9ed7405adcd7a40538792eb169eddd8fa5630c16a1ef49dae71a30f4/numpy-2.5.1-cp314-cp314-win_amd64.whl", hash = "sha256:24d0eb82c0541d3415a33425db64ae439dffccd7b4dbcb30e7c35120205c506a", size = 12562177 },
    { url = "https://files.pythonhosted.org/packages/22/ed/49707938b6dd0a78a9178dd93227dc89e4c11af47f5c798d70366e8d0483/numpy-2.5.1-cp314-cp314-win_arm64.whl", hash = "sha256:5a4c988b38d261deeeaad9954e3deb091ad905c94e8bb6708654ef1d97f286b0", size = 10627739 },
    { url = "https://files.pythonhosted.org/packages/a6/c7/bb4b882cfe7f299cbc8b66e42e7dd78cf9d14e40f9469fc5e3db7e15b3bd/numpy-2.5.1-cp314-cp314t-macosx_11_0_arm64.whl", hash = "sha256:a33276be12fa045805f477f22482088b66bb758ffbe89a9d21457de863a32e22", size = 11894709 },
    { url = "https://files.pythonhosted.org/packages/40/3f/5af7f4a7f6224aef48017aa82bb6174c7a659d724be0c75017b7e64a55b4/numpy-2.5.1-cp314-cp314t-macosx_14_0_arm64.whl", hash = "sha256:f089d7b00756190aacf1f5d34bdf38c3c430ac82b4f868f8cede73380460fce7", size = 5453810 },
    { url = "https://files.pythonhosted.org/packages/20/c9/3474309bc94d634d3f9c3eddf03250ecb8c22cd948ef16fef69a77cc5d7b/numpy-2.5.1-cp314-cp314t-macosx_14_0_x86_64.whl", hash = "sha256:09e9bfd8d2cf479c7d174804fb3811c53a8e9f20a37444008606b57d6b7a826d", size = 6761189 },
    { url = "https://files.pythonhosted.org/packages/90/8a/558ae39fdd55d7e7f7fef9a84a6e964ac6b23edbd2a07e52bb084500507d/numpy-2.5.1-cp314-cp314t-manylinux_2_27_aarch64.manylinux_2_28_aarch64.whl", hash = "sha256:e68d8dd1e7eba712948f2053a29ec86917bc70ba1358df869d9f06649ef9cf09", size = 15225039 },
    { url = "https://files.pythonhosted.org/packages/63/27/ca7392b2d030277bdf0273e7d23255b3ee57d57a7c170a6f4fb3981e1e5d/numpy-2.5.1-cp314-cp314t-manylinux_2_27_x86_64.manylinux_2_28_x86_64.whl", hash = "sha256:99d5095fa265a0c4152e7bb12759e14381ef5496152f1ce58f44bdf55c44beb4", size = 16701306 },
    { url = "https://files.pythonhosted.org/packages/02/42/03d53ae7996c44d4374a8262e9dc41671fd56cbb98f7d47ef85cf5da4c6b/numpy-2.5.1-cp314-cp314t-musllinux_1_2_aarch64.whl", hash = "sha256:ab87a91b3cc3382b8956095bd8f95e00cf679bb81554339be1a2ba404a1473c1", size = 16589955 },
    { url = "https://files.pythonhosted.org/packages/7b/15/6c1784ae469640e65db111e9a34b3d0f14d91e8a38b9ce34810ced370dbb/numpy-2.5.1-cp314-cp314t-musllinux_1_2_x86_64.whl", hash = "sha256:224ca51130ef7da85bea2191625181cb4f337f9cb64b471f10c1a12aa8b60077", size = 18464252 },
    { url = "https://files.pythonhosted.org/packages/94/a8/f98e50356cf167df656c526c2dfeec2d7dde182f2a3da4b458a5938e2776/numpy-2.5.1-cp314-cp314t-win32.whl", hash = "sha256:6eab239876581b2b3c5a242281b6007bbdbcd1c7085d7709bb57c5929b11e6bf", size = 6263298 },
    { url = "https://files.pythonhosted.org/packages/72/ac/96ae880cdecad0b3275d9359fcec72667b49a4863c9f12942e43679dda02/numpy-2.5.1-cp314-cp314t-win_amd64.whl", hash = "sha256:83ce9c80d5b521b0d77ddcbe5447c218d247929b6cc056ca5351342accfff0af", size = 12748623 },
    { url = "https://files.pythonhosted.org/packages/a1/5a/4d2b1601df3602dba7a14f3348ba9bfe94a18adb428e693df6154c293831/numpy-2.5.1-cp314-cp314t-win_arm64.whl", hash = "sha256:5a6db61f9aaa57e369905c67d852045d3c4f7126405b29d09b19dec118e9c9cb", size = 10697674 },
]

[[package]]
name = "pika"
version = "1.4.1"
source = { registry = "https://pypi.org/simple" }
sdist = { url = "https://files.pythonhosted.org/packages/f7/09/8c42dd00c4b3e09ebd174455d30823c261eefef9d2b7e94ae9ca779704c1/pika-1.4.1.tar.gz", hash = "sha256:e851f3e4992adfbf8eb64e9b86d94e3382f92ba0200055abedbb29676b8e713b", size = 154268 }
wheels = [
    { url = "https://files.pythonhosted.org/packages/7f/7b/a09c0d378ee8604220902c58103104b2304ef99744c4b7fc45312d280484/pika-1.4.1-py3-none-any.whl", hash = "sha256:2daae7bd422a0fc4f4879fd48c9a1932ed74a0bc7172e1e5f9bde63a101ed074", size = 164962 },
]

[[package]]
name = "pillow"
version = "11.3.0"
source = { registry = "https://pypi.org/simple" }
sdist = { url = "https://files.pythonhosted.org/packages/f3/0d/d0d6dea55cd152ce3d6767bb38a8fc10e33796ba4ba210cbab9354b6d238/pillow-11.3.0.tar.gz", hash = "sha256:3828ee7586cd0b2091b6209e5ad53e20d0649bbe87164a459d0676e035e8f523", size = 47113069 }
wheels = [
    { url = "https://files.pythonhosted.org/packages/1e/93/0952f2ed8db3a5a4c7a11f91965d6184ebc8cd7cbb7941a260d5f018cd2d/pillow-11.3.0-cp313-cp313-ios_13_0_arm64_iphoneos.whl", hash = "sha256:1c627742b539bba4309df89171356fcb3cc5a9178355b2727d1b74a6cf155fbd", size = 2128328 },
    { url = "https://files.pythonhosted.org/packages/4b/e8/100c3d114b1a0bf4042f27e0f87d2f25e857e838034e98ca98fe7b8c0a9c/pillow-11.3.0-cp313-cp313-ios_13_0_arm64_iphonesimulator.whl", hash = "sha256:30b7c02f3899d10f13d7a48163c8969e4e653f8b43416d23d13d1bbfdc93b9f8", size = 2170652 },
    { url = "https://files.pythonhosted.org/packages/aa/86/3f758a28a6e381758545f7cdb4942e1cb79abd271bea932998fc0db93cb6/pillow-11.3.0-cp313-cp313-ios_13_0_x86_64_iphonesimulator.whl", hash = "sha256:7859a4cc7c9295f5838015d8cc0a9c215b77e43d07a25e460f35cf516df8626f", size = 2227443 },
    { url = "https://files.pythonhosted.org/packages/01/f4/91d5b3ffa718df2f53b0dc109877993e511f4fd055d7e9508682e8aba092/pillow-11.3.0-cp313-cp313-macosx_10_13_x86_64.whl", hash = "sha256:ec1ee50470b0d050984394423d96325b744d55c701a439d2bd66089bff963d3c", size = 5278474 },
    { url = "https://files.pythonhosted.org/packages/f9/0e/37d7d3eca6c879fbd9dba21268427dffda1ab00d4eb05b32923d4fbe3b12/pillow-11.3.0-cp313-cp313-macosx_11_0_arm64.whl", hash = "sha256:7db51d222548ccfd274e4572fdbf3e810a5e66b00608862f947b163e613b67dd", size = 4686038 },
    { url = "https://files.pythonhosted.org/packages/ff/b0/3426e5c7f6565e752d81221af9d3676fdbb4f352317ceafd42899aaf5d8a/pillow-11.3.0-cp313-cp313-manylinux2014_aarch64.manylinux_2_17_aarch64.whl", hash = "sha256:2d6fcc902a24ac74495df63faad1884282239265c6839a0a6416d33faedfae7e", size = 5864407 },
    { url = "https://files.pythonhosted.org/packages/fc/c1/c6c423134229f2a221ee53f838d4be9d82bab86f7e2f8e75e47b6bf6cd77/pillow-11.3.0-cp313-cp313-manylinux2014_x86_64.manylinux_2_17_x86_64.whl", hash = "sha256:f0f5d8f4a08090c6d6d578351a2b91acf519a54986c055af27e7a93feae6d3f1", size = 7639094 },
    { url = "https://files.pythonhosted.org/packages/ba/c9/09e6746630fe6372c67c648ff9deae52a2bc20897d51fa293571977ceb5d/pillow-11.3.0-cp313-cp313-manylinux_2_27_aarch64.manylinux_2_28_aarch64.whl", hash = "sha256:c37d8ba9411d6003bba9e518db0db0c58a680ab9fe5179f040b0463644bc9805", size = 5973503 },
    { url = "https://files.pythonhosted.org/packages/d5/1c/a2a29649c0b1983d3ef57ee87a66487fdeb45132df66ab30dd37f7dbe162/pillow-11.3.0-cp313-cp313-manylinux_2_27_x86_64.manylinux_2_28_x86_64.whl", hash = "sha256:13f87d581e71d9189ab21fe0efb5a23e9f28552d5be6979e84001d3b8505abe8", size = 6642574 },
    { url = "https://files.pythonhosted.org/packages/36/de/d5cc31cc4b055b6c6fd990e3e7f0f8aaf36229a2698501bcb0cdf67c7146/pillow-11.3.0-cp313-cp313-musllinux_1_2_aarch64.whl", hash = "sha256:023f6d2d11784a465f09fd09a34b150ea4672e85fb3d05931d89f373ab14abb2", size = 6084060 },
    { url = "https://files.pythonhosted.org/packages/d5/ea/502d938cbaeec836ac28a9b730193716f0114c41325db428e6b280513f09/pillow-11.3.0-cp313-cp313-musllinux_1_2_x86_64.whl", hash = "sha256:45dfc51ac5975b938e9809451c51734124e73b04d0f0ac621649821a63852e7b", size = 6721407 },
    { url = "https://files.pythonhosted.org/packages/45/9c/9c5e2a73f125f6cbc59cc7087c8f2d649a7ae453f83bd0362ff7c9e2aee2/pillow-11.3.0-cp313-cp313-win32.whl", hash = "sha256:a4d336baed65d50d37b88ca5b60c0fa9d81e3a87d4a7930d3880d1624d5b31f3", size = 6273841 },
    { url = "https://files.pythonhosted.org/packages/23/85/397c73524e0cd212067e0c969aa245b01d50183439550d24d9f55781b776/pillow-11.3.0-cp313-cp313-win_amd64.whl", hash = "sha256:0bce5c4fd0921f99d2e858dc4d4d64193407e1b99478bc5cacecba2311abde51", size = 6978450 },
    { url = "https://files.pythonhosted.org/packages/17/d2/622f4547f69cd173955194b78e4d19ca4935a1b0f03a302d655c9f6aae65/pillow-11.3.0-cp313-cp313-win_arm64.whl", hash = "sha256:1904e1264881f682f02b7f8167935cce37bc97db457f8e7849dc3a6a52b99580", size = 2423055 },
    { url = "https://files.pythonhosted.org/packages/dd/80/a8a2ac21dda2e82480852978416cfacd439a4b490a501a288ecf4fe2532d/pillow-11.3.0-cp313-cp313t-macosx_10_13_x86_64.whl", hash = "sha256:4c834a3921375c48ee6b9624061076bc0a32a60b5532b322cc0ea64e639dd50e", size = 5281110 },
    { url = "https://files.pythonhosted.org/packages/44/d6/b79754ca790f315918732e18f82a8146d33bcd7f4494380457ea89eb883d/pillow-11.3.0-cp313-cp313t-macosx_11_0_arm64.whl", hash = "sha256:5e05688ccef30ea69b9317a9ead994b93975104a677a36a8ed8106be9260aa6d", size = 4689547 },
    { url = "https://files.pythonhosted.org/packages/49/20/716b8717d331150cb00f7fdd78169c01e8e0c219732a78b0e59b6bdb2fd6/pillow-11.3.0-cp313-cp313t-manylinux2014_aarch64.manylinux_2_17_aarch64.whl", hash = "sha256:1019b04af07fc0163e2810167918cb5add8d74674b6267616021ab558dc98ced", size = 5901554 },
    { url = "https://files.pythonhosted.org/packages/74/cf/a9f3a2514a65bb071075063a96f0a5cf949c2f2fce683c15ccc83b1c1cab/pillow-11.3.0-cp313-cp313t-manylinux2014_x86_64.manylinux_2_17_x86_64.whl", hash = "sha256:f944255db153ebb2b19c51fe85dd99ef0ce494123f21b9db4877ffdfc5590c7c", size = 7669132 },
    { url = "https://files.pythonhosted.org/packages/98/3c/da78805cbdbee9cb43efe8261dd7cc0b4b93f2ac79b676c03159e9db2187/pillow-11.3.0-cp313-cp313t-manylinux_2_27_aarch64.manylinux_2_28_aarch64.whl", hash = "sha256:1f85acb69adf2aaee8b7da124efebbdb959a104db34d3a2cb0f3793dbae422a8", size = 6005001 },
    { url = "https://files.pythonhosted.org/packages/6c/fa/ce044b91faecf30e635321351bba32bab5a7e034c60187fe9698191aef4f/pillow-11.3.0-cp313-cp313t-manylinux_2_27_x86_64.manylinux_2_28_x86_64.whl", hash = "sha256:05f6ecbeff5005399bb48d198f098a9b4b6bdf27b8487c7f38ca16eeb070cd59", size = 6668814 },
    { url = "https://files.pythonhosted.org/packages/7b/51/90f9291406d09bf93686434f9183aba27b831c10c87746ff49f127ee80cb/pillow-11.3.0-cp313-cp313t-musllinux_1_2_aarch64.whl", hash = "sha256:a7bc6e6fd0395bc052f16b1a8670859964dbd7003bd0af2ff08342eb6e442cfe", size = 6113124 },
    { url = "https://files.pythonhosted.org/packages/cd/5a/6fec59b1dfb619234f7636d4157d11fb4e196caeee220232a8d2ec48488d/pillow-11.3.0-cp313-cp313t-musllinux_1_2_x86_64.whl", hash = "sha256:83e1b0161c9d148125083a35c1c5a89db5b7054834fd4387499e06552035236c", size = 6747186 },
    { url = "https://files.pythonhosted.org/packages/49/6b/00187a044f98255225f172de653941e61da37104a9ea60e4f6887717e2b5/pillow-11.3.0-cp313-cp313t-win32.whl", hash = "sha256:2a3117c06b8fb646639dce83694f2f9eac405472713fcb1ae887469c0d4f6788", size = 6277546 },
    { url = "https://files.pythonhosted.org/packages/e8/5c/6caaba7e261c0d75bab23be79f1d06b5ad2a2ae49f028ccec801b0e853d6/pillow-11.3.0-cp313-cp313t-win_amd64.whl", hash = "sha256:857844335c95bea93fb39e0fa2726b4d9d758850b34075a7e3ff4f4fa3aa3b31", size = 6985102 },
    { url = "https://files.pythonhosted.org/packages/f3/7e/b623008460c09a0cb38263c93b828c666493caee2eb34ff67f778b87e58c/pillow-11.3.0-cp313-cp313t-win_arm64.whl", hash = "sha256:8797edc41f3e8536ae4b10897ee2f637235c94f27404cac7297f7b607dd0716e", size = 2424803 },
    { url = "https://files.pythonhosted.org/packages/73/f4/04905af42837292ed86cb1b1dabe03dce1edc008ef14c473c5c7e1443c5d/pillow-11.3.0-cp314-cp314-macosx_10_13_x86_64.whl", hash = "sha256:d9da3df5f9ea2a89b81bb6087177fb1f4d1c7146d583a3fe5c672c0d94e55e12", size = 5278520 },
    { url = "https://files.pythonhosted.org/packages/41/b0/33d79e377a336247df6348a54e6d2a2b85d644ca202555e3faa0cf811ecc/pillow-11.3.0-cp314-cp314-macosx_11_0_arm64.whl", hash = "sha256:0b275ff9b04df7b640c59ec5a3cb113eefd3795a8df80bac69646ef699c6981a", size = 4686116 },
    { url = "https://files.pythonhosted.org/packages/49/2d/ed8bc0ab219ae8768f529597d9509d184fe8a6c4741a6864fea334d25f3f/pillow-11.3.0-cp314-cp314-manylinux2014_aarch64.manylinux_2_17_aarch64.whl", hash = "sha256:0743841cabd3dba6a83f38a92672cccbd69af56e3e91777b0ee7f4dba4385632", size = 5864597 },
    { url = "https://files.pythonhosted.org/packages/b5/3d/b932bb4225c80b58dfadaca9d42d08d0b7064d2d1791b6a237f87f661834/pillow-11.3.0-cp314-cp314-manylinux2014_x86_64.manylinux_2_17_x86_64.whl", hash = "sha256:2465a69cf967b8b49ee1b96d76718cd98c4e925414ead59fdf75cf0fd07df673", size = 7638246 },
    { url = "https://files.pythonhosted.org/packages/09/b5/0487044b7c096f1b48f0d7ad416472c02e0e4bf6919541b111efd3cae690/pillow-11.3.0-cp314-cp314-manylinux_2_27_aarch64.manylinux_2_28_aarch64.whl", hash = "sha256:41742638139424703b4d01665b807c6468e23e699e8e90cffefe291c5832b027", size = 5973336 },
    { url = "https://files.pythonhosted.org/packages/a8/2d/524f9318f6cbfcc79fbc004801ea6b607ec3f843977652fdee4857a7568b/pillow-11.3.0-cp314-cp314-manylinux_2_27_x86_64.manylinux_2_28_x86_64.whl", hash = "sha256:93efb0b4de7e340d99057415c749175e24c8864302369e05914682ba642e5d77", size = 6642699 },
    { url = "https://files.pythonhosted.org/packages/6f/d2/a9a4f280c6aefedce1e8f615baaa5474e0701d86dd6f1dede66726462bbd/pillow-11.3.0-cp314-cp314-musllinux_1_2_aarch64.whl", hash = "sha256:7966e38dcd0fa11ca390aed7c6f20454443581d758242023cf36fcb319b1a874", size = 6083789 },
    { url = "https://files.pythonhosted.org/packages/fe/54/86b0cd9dbb683a9d5e960b66c7379e821a19be4ac5810e2e5a715c09a0c0/pillow-11.3.0-cp314-cp314-musllinux_1_2_x86_64.whl", hash = "sha256:98a9afa7b9007c67ed84c57c9e0ad86a6000da96eaa638e4f8abe5b65ff83f0a", size = 6720386 },
    { url = "https://files.pythonhosted.org/packages/e7/95/88efcaf384c3588e24259c4203b909cbe3e3c2d887af9e938c2022c9dd48/pillow-11.3.0-cp314-cp314-win32.whl", hash = "sha256:02a723e6bf909e7cea0dac1b0e0310be9d7650cd66222a5f1c571455c0a45214", size = 6370911 },
    { url = "https://files.pythonhosted.org/packages/2e/cc/934e5820850ec5eb107e7b1a72dd278140731c669f396110ebc326f2a503/pillow-11.3.0-cp314-cp314-win_amd64.whl", hash = "sha256:a418486160228f64dd9e9efcd132679b7a02a5f22c982c78b6fc7dab3fefb635", size = 7117383 },
    { url = "https://files.pythonhosted.org/packages/d6/e9/9c0a616a71da2a5d163aa37405e8aced9a906d574b4a214bede134e731bc/pillow-11.3.0-cp314-cp314-win_arm64.whl", hash = "sha256:155658efb5e044669c08896c0c44231c5e9abcaadbc5cd3648df2f7c0b96b9a6", size = 2511385 },
    { url = "https://files.pythonhosted.org/packages/1a/33/c88376898aff369658b225262cd4f2659b13e8178e7534df9e6e1fa289f6/pillow-11.3.0-cp314-cp314t-macosx_10_13_x86_64.whl", hash = "sha256:59a03cdf019efbfeeed910bf79c7c93255c3d54bc45898ac2a4140071b02b4ae", size = 5281129 },
    { url = "https://files.pythonhosted.org/packages/1f/70/d376247fb36f1844b42910911c83a02d5544ebd2a8bad9efcc0f707ea774/pillow-11.3.0-cp314-cp314t-macosx_11_0_arm64.whl", hash = "sha256:f8a5827f84d973d8636e9dc5764af4f0cf2318d26744b3d902931701b0d46653", size = 4689580 },
    { url = "https://files.pythonhosted.org/packages/eb/1c/537e930496149fbac69efd2fc4329035bbe2e5475b4165439e3be9cb183b/pillow-11.3.0-cp314-cp314t-manylinux2014_aarch64.manylinux_2_17_aarch64.whl", hash = "sha256:ee92f2fd10f4adc4b43d07ec5e779932b4eb3dbfbc34790ada5a6669bc095aa6", size = 5902860 },
    { url = "https://files.pythonhosted.org/packages/bd/57/80f53264954dcefeebcf9dae6e3eb1daea1b488f0be8b8fef12f79a3eb10/pillow-11.3.0-cp314-cp314t-manylinux2014_x86_64.manylinux_2_17_x86_64.whl", hash = "sha256:c96d333dcf42d01f47b37e0979b6bd73ec91eae18614864622d9b87bbd5bbf36", size = 7670694 },
    { url = "https://files.pythonhosted.org/packages/70/ff/4727d3b71a8578b4587d9c276e90efad2d6fe0335fd76742a6da08132e8c/pillow-11.3.0-cp314-cp314t-manylinux_2_27_aarch64.manylinux_2_28_aarch64.whl", hash = "sha256:4c96f993ab8c98460cd0c001447bff6194403e8b1d7e149ade5f00594918128b", size = 6005888 },
    { url = "https://files.pythonhosted.org/packages/05/ae/716592277934f85d3be51d7256f3636672d7b1abfafdc42cf3f8cbd4b4c8/pillow-11.3.0-cp314-cp314t-manylinux_2_27_x86_64.manylinux_2_28_x86_64.whl", hash = "sha256:41342b64afeba938edb034d122b2dda5db2139b9a4af999729ba8818e0056477", size = 6670330 },
    { url = "https://files.pythonhosted.org/packages/e7/bb/7fe6cddcc8827b01b1a9766f5fdeb7418680744f9082035bdbabecf1d57f/pillow-11.3.0-cp314-cp314t-musllinux_1_2_aarch64.whl", hash = "sha256:068d9c39a2d1b358eb9f245ce7ab1b5c3246c7c8c7d9ba58cfa5b43146c06e50", size = 6114089 },
    { url = "https://files.pythonhosted.org/packages/8b/f5/06bfaa444c8e80f1a8e4bff98da9c83b37b5be3b1deaa43d27a0db37ef84/pillow-11.3.0-cp314-cp314t-musllinux_1_2_x86_64.whl", hash = "sha256:a1bc6ba083b145187f648b667e05a2534ecc4b9f2784c2cbe3089e44868f2b9b", size = 6748206 },
    { url = "https://files.pythonhosted.org/packages/f0/77/bc6f92a3e8e6e46c0ca78abfffec0037845800ea38c73483760362804c41/pillow-11.3.0-cp314-cp314t-win32.whl", hash = "sha256:118ca10c0d60b06d006be10a501fd6bbdfef559251ed31b794668ed569c87e12", size = 6377370 },
    { url = "https://files.pythonhosted.org/packages/4a/82/3a721f7d69dca802befb8af08b7c79ebcab461007ce1c18bd91a5d5896f9/pillow-11.3.0-cp314-cp314t-win_amd64.whl", hash = "sha256:8924748b688aa210d79883357d102cd64690e56b923a186f35a82cbc10f997db", size = 7121500 },
    { url = "https://files.pythonhosted.org/packages/89/c7/5572fa4a3f45740eaab6ae86fcdf7195b55beac1371ac8c619d880cfe948/pillow-11.3.0-cp314-cp314t-win_arm64.whl", hash = "sha256:79ea0d14d3ebad43ec77ad5272e6ff9bba5b679ef73375ea760261207fa8e0aa", size = 2512835 },
]

[[package]]
name = "proglog"
version = "0.1.12"
source = { registry = "https://pypi.org/simple" }
dependencies = [
    { name = "tqdm" },
]
sdist = { url = "https://files.pythonhosted.org/packages/c2/af/c108866c452eda1132f3d6b3cb6be2ae8430c97e9309f38ca9dbd430af37/proglog-0.1.12.tar.gz", hash = "sha256:361ee074721c277b89b75c061336cb8c5f287c92b043efa562ccf7866cda931c", size = 8794 }
wheels = [
    { url = "https://files.pythonhosted.org/packages/c1/1b/f7ea6cde25621cd9236541c66ff018f4268012a534ec31032bcb187dc5e7/proglog-0.1.12-py3-none-any.whl", hash = "sha256:ccaafce51e80a81c65dc907a460c07ccb8ec1f78dc660cfd8f9ec3a22f01b84c", size = 6337 },
]

[[package]]
name = "pymongo"
version = "4.17.0"
source = { registry = "https://pypi.org/simple" }
dependencies = [
    { name = "dnspython" },
]
sdist = { url = "https://files.pythonhosted.org/packages/ca/64/50be6fbac9c79fe2e4c17401a467da2d8764d82833d83cec325afe5cab32/pymongo-4.17.0.tar.gz", hash = "sha256:70ffa08ba641468cc068cf46c06b34f01a8ce3489f6411309fcb5ceabe6b2fc0", size = 2523370 }
wheels = [
    { url = "https://files.pythonhosted.org/packages/2a/6b/c1206879708b94e82fcd8b9653440ec271f79a3674d122192df383047f5a/pymongo-4.17.0-cp313-cp313-macosx_10_13_x86_64.whl", hash = "sha256:809ec74de3b9148ae43fa8df9faf53470f511c8d384f13b99d6f671f2a379f15", size = 985829 },
    { url = "https://files.pythonhosted.org/packages/cb/cf/bb044ed85160e5c40f568c7c4f4e8ea16f40764ff5d302e5befbe8f6f814/pymongo-4.17.0-cp313-cp313-macosx_11_0_arm64.whl", hash = "sha256:a431b737816bf4cddd4fa0fcef04e424ad36b7692734a64150f872fb8f3208be", size = 985899 },
    { url = "https://files.pythonhosted.org/packages/74/0a/f6dfd5ea3901e5d6888da8de8ba728971a1d447debab681cfc56f90d1208/pymongo-4.17.0-cp313-cp313-manylinux1_i686.manylinux_2_28_i686.manylinux_2_5_i686.whl", hash = "sha256:e4fab10f8403169ce92f3cea921609d9ee81107306caae06c08f592d4b8ad2b5", size = 2028569 },
    { url = "https://files.pythonhosted.org/packages/4a/c5/081f59a1c02ae8c0dc73ae58e563838c44eec81aeafa7d0b93a637841c9b/pymongo-4.17.0-cp313-cp313-manylinux2014_aarch64.manylinux_2_17_aarch64.manylinux_2_28_aarch64.whl", hash = "sha256:20323b0b1c1d33770ad1fc68d429c757734ce9ad3594421c3d6618f10572b1b9", size = 2072916 },
    { url = "https://files.pythonhosted.org/packages/31/42/6e41d434297ffe8b30d9c3717916591a4a7be9075a0dcc2fafdfaaaa62ed/pymongo-4.17.0-cp313-cp313-manylinux2014_ppc64le.manylinux_2_17_ppc64le.manylinux_2_28_ppc64le.whl", hash = "sha256:5a5de048e6da5c18e27cc2437e8c15b3b0cdc8385c15b41178b0caa3322a09c2", size = 2173234 },
    { url = "https://files.pythonhosted.org/packages/3d/cf/1e4a7db352ef9485831c7268dfe8402f0117b32a9ad54b16e810699e3617/pymongo-4.17.0-cp313-cp313-manylinux2014_s390x.manylinux_2_17_s390x.manylinux_2_28_s390x.whl", hash = "sha256:dff3de1294fbbc1db0ba6b511f77b8e540601d092538a31312e99c8a91a78b1e", size = 2156784 },
    { url = "https://files.pythonhosted.org/packages/12/10/6195be29962a61ebb5f4bd9e4c7519890b172f7968a0a0d880398c6ddb02/pymongo-4.17.0-cp313-cp313-manylinux2014_x86_64.manylinux_2_17_x86_64.manylinux_2_28_x86_64.whl", hash = "sha256:faf03e4c2aafd6de626dbd30ba246d369ae33f47f10629d1bbe40f72115027a6", size = 2074446 },
    { url = "https://files.pythonhosted.org/packages/37/48/33410b8819837ed370c738587306bdf060b59cef11823be212f4a07703c5/pymongo-4.17.0-cp313-cp313-win32.whl", hash = "sha256:c9786665926a09630c5d420c79762cfadbff35a9438bcbc4c81a9fb5ab9228b7", size = 948435 },
    { url = "https://files.pythonhosted.org/packages/6f/77/c0ed522f798a286b99acaa7914ed8d9c80ab091f97f57c59ffed72906e5e/pymongo-4.17.0-cp313-cp313-win_amd64.whl", hash = "sha256:5960519b4d7168f1ecdd3ea10c81b2aedeb9423651aca953cfbc8e76705d3b38", size = 972847 },
    { url = "https://files.pythonhosted.org/packages/97/f0/c39480a2db385fde23861d0c8acda41cdaf1d43e46579db72c5c013a2e81/pymongo-4.17.0-cp313-cp313-win_arm64.whl", hash = "sha256:0ff6bd2f735ab5356541e3e57d5b7dbfbc3f2ee1ccb10b6b0f82d58af69d1d8e", size = 951575 },
    { url = "https://files.pythonhosted.org/packages/da/49/2b0250762a89737ed6f9cea238331baca061b89a8ddd10dd17fee52c3970/pymongo-4.17.0-cp314-cp314-macosx_10_15_x86_64.whl", hash = "sha256:ff5aa3f1c7e3f08eb0e7a016c91ba468b1850ccfd63d9b1f12f56350f4974cef", size = 1040945 },
    { url = "https://files.pythonhosted.org/packages/89/1c/7a9b5447a08be20e84b6e5b17330917e8d6d9507daa3cd099a9309f11ad7/pymongo-4.17.0-cp314-cp314-macosx_11_0_arm64.whl", hash = "sha256:e816db649ba5d7de0568cf3a9f287a9dc9aad21cf0ca667ab156a7ef47fca0b0", size = 1041187 },
    { url = "https://files.pythonhosted.org/packages/78/a1/71704f61632dfc90407a5834fe5f6132854937c4a3648f6c05c351d85a45/pymongo-4.17.0-cp314-cp314-manylinux1_i686.manylinux_2_28_i686.manylinux_2_5_i686.whl", hash = "sha256:12c4fded3a9f1d6a687e36ebd384ac6d00b9b00de1969aa74048e7051ec2a713", size = 2294806 },
    { url = "https://files.pythonhosted.org/packages/ad/b9/aff42be75108b96c2469b1d9329b912c15108f3e7ef32fdc86da8423c330/pymongo-4.17.0-cp314-cp314-manylinux2014_aarch64.manylinux_2_17_aarch64.manylinux_2_28_aarch64.whl", hash = "sha256:2db66aa8dd253a0fc1fad3b0d23d5b3993f7ebde02fbbd7727128debf2853675", size = 2348231 },
    { url = "https://files.pythonhosted.org/packages/f2/30/44c115b8ba1479942c15fd9480eb29a7da0ba68acd56983423ba0deb4a94/pymongo-4.17.0-cp314-cp314-manylinux2014_ppc64le.manylinux_2_17_ppc64le.manylinux_2_28_ppc64le.whl", hash = "sha256:3987e96e7c7be4083d42e8ac2cc6c0d5b78db9973c90fce42ae800b616ca6b20", size = 2467614 },
    { url = "https://files.pythonhosted.org/packages/d2/84/21ee95c8bf0ca7acae7ec7eb365d740bf8fc0156c194baf2c3bdfcb85ec0/pymongo-4.17.0-cp314-cp314-manylinux2014_s390x.manylinux_2_17_s390x.manylinux_2_28_s390x.whl", hash = "sha256:cee36b3c0d0354f880fa7a7fdcdaf2bb5e542c2281e25c1bfadf8cfe21eba7d2", size = 2445970 },
    { url = "https://files.pythonhosted.org/packages/06/89/081d7f1809d5ca09d1e47e49f2111b245f5694de3a7af32cd3a353a6f43f/pymongo-4.17.0-cp314-cp314-manylinux2014_x86_64.manylinux_2_17_x86_64.manylinux_2_28_x86_64.whl", hash = "sha256:320b34457b20bbcc79997801f95d25ce00472915ca5241167242b42c4359e027", size = 2348605 },
    { url = "https://files.pythonhosted.org/packages/ea/c3/0d949f9d3f2a341c1f635c398c16615e96f89f51ff424ed81e914cf1a4de/pymongo-4.17.0-cp314-cp314-win32.whl", hash = "sha256:df4a644af9ae132d4bfdb2e9516ea51a615fd881caddfbfbd071cf1354844479", size = 1004119 },
    { url = "https://files.pythonhosted.org/packages/f7/55/5c3a3db1048054c695c75c5964cc8bedc2247fdb5a75ef6fab4ec8bb013e/pymongo-4.17.0-cp314-cp314-win_amd64.whl", hash = "sha256:c797f8a80957134f6dd9690367a0f8f5906d672119af2c6aa55f0c527b656bed", size = 1032314 },
    { url = "https://files.pythonhosted.org/packages/e0/19/e235f39906134cb0ffd5574c5a59c355ef5380f0499644ab94994afbb109/pymongo-4.17.0-cp314-cp314-win_arm64.whl", hash = "sha256:68fca71e05ee5da23a8d73cee8379dfb3d26e609a377cae731d742771ed96946", size = 1007627 },
    { url = "https://files.pythonhosted.org/packages/1e/e0/c4c1a86791415b14c684fa0908f9da96de91594a3fd1fa1b8dc689fbb800/pymongo-4.17.0-cp314-cp314t-macosx_10_15_x86_64.whl", hash = "sha256:b4384700cffc3f1dd98e088bc0072dedf6d7d68a230bb4b972665cf69c071c1e", size = 1099151 },
    { url = "https://files.pythonhosted.org/packages/81/4b/69c67f3e23fd9b23b9bedc7ebd23754881cc9d5c5d5b2a9811e96b07f475/pymongo-4.17.0-cp314-cp314t-macosx_11_0_arm64.whl", hash = "sha256:93641192644fa1ee0f34030e774fd31022a27ad11ba22cb1716142231524f8bd", size = 1099346 },
    { url = "https://files.pythonhosted.org/packages/a2/19/a5208f62f9508a26d73acc69bd3821b8c8adae253679a3c26d2f9652f0d5/pymongo-4.17.0-cp314-cp314t-manylinux1_i686.manylinux_2_28_i686.manylinux_2_5_i686.whl", hash = "sha256:75bc3aa5b94fdb7138d357ec6ca61cd97e0c79f4f7f0bd3efe9639b15cc50942", size = 2619034 },
    { url = "https://files.pythonhosted.org/packages/77/27/426cba1ec5973082a56d4150798529bfdf4151c31391ed1fbbecb23ef2ac/pymongo-4.17.0-cp314-cp314t-manylinux2014_aarch64.manylinux_2_17_aarch64.manylinux_2_28_aarch64.whl", hash = "sha256:50e8f8e23c6df7c6d6929f5e734980b227706e73ee847517c9ba5af90f7fc466", size = 2689939 },
    { url = "https://files.pythonhosted.org/packages/ef/2e/f70993d1255e33f6ee59a4ec4371cc65bff7a7e3fda7d55c3386f25287e8/pymongo-4.17.0-cp314-cp314t-manylinux2014_ppc64le.manylinux_2_17_ppc64le.manylinux_2_28_ppc64le.whl", hash = "sha256:15d3f3d732aecac1f8d481bde4029755615639bd3076f258a2147210aec8515a", size = 2824994 },
    { url = "https://files.pythonhosted.org/packages/b3/eb/87b0e988ba889e1fcc3430c2cfc166b251872c813e92b43174298bee17ff/pymongo-4.17.0-cp314-cp314t-manylinux2014_s390x.manylinux_2_17_s390x.manylinux_2_28_s390x.whl", hash = "sha256:6c5f62862d0f87be481fa1fe8cb811994486773c94a2b61e509285e3f2890763", size = 2801745 },
    { url = "https://files.pythonhosted.org/packages/67/4c/3f83412d086f682d4d468761d66ddc49cf161e786ea74073045eb4491c60/pymongo-4.17.0-cp314-cp314t-manylinux2014_x86_64.manylinux_2_17_x86_64.manylinux_2_28_x86_64.whl", hash = "sha256:64837adbbd72073301af51bb0fc80e3d7707fe5527cea1033ba0320f0b2f881b", size = 2684636 },
    { url = "https://files.pythonhosted.org/packages/9e/d8/b75f6f4ab6c8beb50b0270a4f1e2530b5774f5e116563440e1677ca1820f/pymongo-4.17.0-cp314-cp314t-win32.whl", hash = "sha256:b93b22eedc62598cf5ee9d8c8007a8e9121c50fd88137012d8985500e9dc3151", size = 1056356 },
    { url = "https://files.pythonhosted.org/packages/e4/5e/648c8a238eef18a25ed8a169ea6542d4a860bbec3e95b3d9badac2935c71/pymongo-4.17.0-cp314-cp314t-win_amd64.whl", hash = "sha256:3689ea34f6b647c7d1e7bdc60fcfb214b2789ed1359a7fb96569c69f50e5f18f", size = 1090964 },
    { url = "https://files.pythonhosted.org/packages/dc/cb/d9780b66939c4fc1f024bcc7be23a2abcfe06a9745ca8fa76dc73395482e/pymongo-4.17.0-cp314-cp314t-win_arm64.whl", hash = "sha256:9543d8f84c2e5608565c08ac679774811e6730770d8a645439b073422a4276fb", size = 1058526 },
]

[[package]]
name = "python-dotenv"
version = "1.2.2"
source = { registry = "https://pypi.org/simple" }
sdist = { url = "https://files.pythonhosted.org/packages/82/ed/0301aeeac3e5353ef3d94b6ec08bbcabd04a72018415dcb29e588514bba8/python_dotenv-1.2.2.tar.gz", hash = "sha256:2c371a91fbd7ba082c2c1dc1f8bf89ca22564a087c2c287cd9b662adde799cf3", size = 50135 }
wheels = [
    { url = "https://files.pythonhosted.org/packages/0b/d7/1959b9648791274998a9c3526f6d0ec8fd2233e4d4acce81bbae76b44b2a/python_dotenv-1.2.2-py3-none-any.whl", hash = "sha256:1d8214789a24de455a8b8bd8ae6fe3c6b69a5e3d64aa8a8e5d68e694bbcb285a", size = 22101 },
]

[[package]]
name = "tqdm"
version = "4.69.0"
source = { registry = "https://pypi.org/simple" }
dependencies = [
    { name = "colorama", marker = "sys_platform == 'win32'" },
]
sdist = { url = "https://files.pythonhosted.org/packages/8c/69/40407dfc835517f058b603dbf37a6df094d8582b015a51eddc988febbcb7/tqdm-4.69.0.tar.gz", hash = "sha256:700c5e85dcd5f009dd6222588a29180a193a748247a5d855b4d67db93d79a53b", size = 792569 }
wheels = [
    { url = "https://files.pythonhosted.org/packages/fe/21/99a0cdaf54eb35e77623c41b5a2c9472ee4404bba687052791fe2aba6773/tqdm-4.69.0-py3-none-any.whl", hash = "sha256:9979978912be667a6ef21fd5d8abf54e324e63d82f7f43c360792ebc2bc4e622", size = 676680 },
]
